
Microsoft Visual Studio Solution File, Format Version 12.00
# Visual Studio 15
VisualStudioVersion = 15.0.27428.2011
MinimumVisualStudioVersion = 10.0.40219.1
Project("{9A19103F-16F7-4668-BE54-9A1E7A4F7556}") = "Vostok.Logging", "Vostok.Logging\Vostok.Logging.csproj", "{5E05D90B-46F5-4CB1-AE9F-D3FBF78B06B6}"
EndProject
Project("{FAE04EC0-301F-11D3-BF4B-00C04F79EFBC}") = "Vostok.Logging.Tests", "Vostok.Logging.Tests\Vostok.Logging.Tests.csproj", "{E4A9145B-9F19-4241-BA1D-33E06514BEE8}"
EndProject
Global
	GlobalSection(SolutionConfigurationPlatforms) = preSolution
		Debug|Any CPU = Debug|Any CPU
		NoTests|Any CPU = NoTests|Any CPU
		Release|Any CPU = Release|Any CPU
	EndGlobalSection
	GlobalSection(ProjectConfigurationPlatforms) = postSolution
		{5E05D90B-46F5-4CB1-AE9F-D3FBF78B06B6}.Debug|Any CPU.ActiveCfg = Debug|Any CPU
		{5E05D90B-46F5-4CB1-AE9F-D3FBF78B06B6}.Debug|Any CPU.Build.0 = Debug|Any CPU
		{5E05D90B-46F5-4CB1-AE9F-D3FBF78B06B6}.NoTests|Any CPU.ActiveCfg = Release|Any CPU
		{5E05D90B-46F5-4CB1-AE9F-D3FBF78B06B6}.NoTests|Any CPU.Build.0 = Release|Any CPU
		{5E05D90B-46F5-4CB1-AE9F-D3FBF78B06B6}.Release|Any CPU.ActiveCfg = Release|Any CPU
		{5E05D90B-46F5-4CB1-AE9F-D3FBF78B06B6}.Release|Any CPU.Build.0 = Release|Any CPU
		{E4A9145B-9F19-4241-BA1D-33E06514BEE8}.Debug|Any CPU.ActiveCfg = Debug|Any CPU
		{E4A9145B-9F19-4241-BA1D-33E06514BEE8}.Debug|Any CPU.Build.0 = Debug|Any CPU
		{E4A9145B-9F19-4241-BA1D-33E06514BEE8}.NoTests|Any CPU.ActiveCfg = Debug|Any CPU
		{E4A9145B-9F19-4241-BA1D-33E06514BEE8}.NoTests|Any CPU.Build.0 = Debug|Any CPU
		{E4A9145B-9F19-4241-BA1D-33E06514BEE8}.Release|Any CPU.ActiveCfg = Release|Any CPU
		{E4A9145B-9F19-4241-BA1D-33E06514BEE8}.Release|Any CPU.Build.0 = Release|Any CPU
	EndGlobalSection
	GlobalSection(SolutionProperties) = preSolution
		HideSolutionNode = FALSE
	EndGlobalSection
	GlobalSection(ExtensibilityGlobals) = postSolution
		SolutionGuid = {579E5AB3-D57F-47D7-A3C3-6B25E63085D7}
	EndGlobalSection
EndGlobal
